
Microsoft Visual Studio Solution File, Format Version 12.00
# Visual Studio Version 17
VisualStudioVersion = 17.5.33516.290
MinimumVisualStudioVersion = 10.0.40219.1
Project("{8BC9CEB8-8B4A-11D0-8D11-00A0C91BC942}") = "Lift", "Lift\Lift.vcxproj", "{3CC06002-4E97-47D2-81CF-568CC5762E61}"
EndProject
Project("{8BC9CEB8-8B4A-11D0-8D11-00A0C91BC942}") = "Wallpaper", "Wallpaper\Wallpaper.vcxproj", "{385CA781-9D46-454A-BA1B-8D673A2A9CE1}"
EndProject
Project("{8BC9CEB8-8B4A-11D0-8D11-00A0C91BC942}") = "studentsgroup", "studentsgroup\studentsgroup.vcxproj", "{5FF6C440-8554-4643-BC62-E92E979485A3}"
EndProject
Global
	GlobalSection(SolutionConfigurationPlatforms) = preSolution
		Debug|x64 = Debug|x64
		Debug|x86 = Debug|x86
		Release|x64 = Release|x64
		Release|x86 = Release|x86
	EndGlobalSection
	GlobalSection(ProjectConfigurationPlatforms) = postSolution
		{3CC06002-4E97-47D2-81CF-568CC5762E61}.Debug|x64.ActiveCfg = Debug|x64
		{3CC06002-4E97-47D2-81CF-568CC5762E61}.Debug|x64.Build.0 = Debug|x64
		{3CC06002-4E97-47D2-81CF-568CC5762E61}.Debug|x86.ActiveCfg = Debug|Win32
		{3CC06002-4E97-47D2-81CF-568CC5762E61}.Debug|x86.Build.0 = Debug|Win32
		{3CC06002-4E97-47D2-81CF-568CC5762E61}.Release|x64.ActiveCfg = Release|x64
		{3CC06002-4E97-47D2-81CF-568CC5762E61}.Release|x64.Build.0 = Release|x64
		{3CC06002-4E97-47D2-81CF-568CC5762E61}.Release|x86.ActiveCfg = Release|Win32
		{3CC06002-4E97-47D2-81CF-568CC5762E61}.Release|x86.Build.0 = Release|Win32
		{385CA781-9D46-454A-BA1B-8D673A2A9CE1}.Debug|x64.ActiveCfg = Debug|x64
		{385CA781-9D46-454A-BA1B-8D673A2A9CE1}.Debug|x64.Build.0 = Debug|x64
		{385CA781-9D46-454A-BA1B-8D673A2A9CE1}.Debug|x86.ActiveCfg = Debug|Win32
		{385CA781-9D46-454A-BA1B-8D673A2A9CE1}.Debug|x86.Build.0 = Debug|Win32
		{385CA781-9D46-454A-BA1B-8D673A2A9CE1}.Release|x64.ActiveCfg = Release|x64
		{385CA781-9D46-454A-BA1B-8D673A2A9CE1}.Release|x64.Build.0 = Release|x64
		{385CA781-9D46-454A-BA1B-8D673A2A9CE1}.Release|x86.ActiveCfg = Release|Win32
		{385CA781-9D46-454A-BA1B-8D673A2A9CE1}.Release|x86.Build.0 = Release|Win32
		{5FF6C440-8554-4643-BC62-E92E979485A3}.Debug|x64.ActiveCfg = Debug|x64
		{5FF6C440-8554-4643-BC62-E92E979485A3}.Debug|x64.Build.0 = Debug|x64
		{5FF6C440-8554-4643-BC62-E92E979485A3}.Debug|x86.ActiveCfg = Debug|Win32
		{5FF6C440-8554-4643-BC62-E92E979485A3}.Debug|x86.Build.0 = Debug|Win32
		{5FF6C440-8554-4643-BC62-E92E979485A3}.Release|x64.ActiveCfg = Release|x64
		{5FF6C440-8554-4643-BC62-E92E979485A3}.Release|x64.Build.0 = Release|x64
		{5FF6C440-8554-4643-BC62-E92E979485A3}.Release|x86.ActiveCfg = Release|Win32
		{5FF6C440-8554-4643-BC62-E92E979485A3}.Release|x86.Build.0 = Release|Win32
	EndGlobalSection
	GlobalSection(SolutionProperties) = preSolution
		HideSolutionNode = FALSE
	EndGlobalSection
	GlobalSection(ExtensibilityGlobals) = postSolution
		SolutionGuid = {0764179F-B418-4578-A744-EC5A02008433}
	EndGlobalSection
EndGlobal
